
Microsoft Visual Studio Solution File, Format Version 12.00
# Visual Studio Version 17
VisualStudioVersion = 17.2.32616.157
MinimumVisualStudioVersion = 10.0.40219.1
Project("{9A19103F-16F7-4668-BE54-9A1E7A4F7556}") = "SouthernCrossTests", "SouthernCrossTests.csproj", "{3F8907AE-92A4-4634-A853-C14E64411B45}"
EndProject
Project("{FAE04EC0-301F-11D3-BF4B-00C04F79EFBC}") = "APITests", "..\APITests\APITests.csproj", "{CA133BE6-987E-4FE7-976D-990A72858164}"
EndProject
Global
	GlobalSection(SolutionConfigurationPlatforms) = preSolution
		Debug|Any CPU = Debug|Any CPU
		Release|Any CPU = Release|Any CPU
	EndGlobalSection
	GlobalSection(ProjectConfigurationPlatforms) = postSolution
		{3F8907AE-92A4-4634-A853-C14E64411B45}.Debug|Any CPU.ActiveCfg = Debug|Any CPU
		{3F8907AE-92A4-4634-A853-C14E64411B45}.Debug|Any CPU.Build.0 = Debug|Any CPU
		{3F8907AE-92A4-4634-A853-C14E64411B45}.Release|Any CPU.ActiveCfg = Release|Any CPU
		{3F8907AE-92A4-4634-A853-C14E64411B45}.Release|Any CPU.Build.0 = Release|Any CPU
		{CA133BE6-987E-4FE7-976D-990A72858164}.Debug|Any CPU.ActiveCfg = Debug|Any CPU
		{CA133BE6-987E-4FE7-976D-990A72858164}.Debug|Any CPU.Build.0 = Debug|Any CPU
		{CA133BE6-987E-4FE7-976D-990A72858164}.Release|Any CPU.ActiveCfg = Release|Any CPU
		{CA133BE6-987E-4FE7-976D-990A72858164}.Release|Any CPU.Build.0 = Release|Any CPU
	EndGlobalSection
	GlobalSection(SolutionProperties) = preSolution
		HideSolutionNode = FALSE
	EndGlobalSection
	GlobalSection(ExtensibilityGlobals) = postSolution
		SolutionGuid = {B171ECFF-695E-4008-B96A-379C2761F904}
	EndGlobalSection
EndGlobal
